
Microsoft Visual Studio Solution File, Format Version 12.00
# Visual Studio Version 17
VisualStudioVersion = 17.14.36908.2 d17.14
MinimumVisualStudioVersion = 10.0.40219.1
Project("{FAE04EC0-301F-11D3-BF4B-00C04F79EFBC}") = "Northwind_Client_MVC", "Northwind_Client_MVC.csproj", "{D0DE7259-631C-45D3-BCBA-EE389304EC0C}"
EndProject
Global
	GlobalSection(SolutionConfigurationPlatforms) = preSolution
		Debug|Any CPU = Debug|Any CPU
		Release|Any CPU = Release|Any CPU
	EndGlobalSection
	GlobalSection(ProjectConfigurationPlatforms) = postSolution
		{D0DE7259-631C-45D3-BCBA-EE389304EC0C}.Debug|Any CPU.ActiveCfg = Debug|Any CPU
		{D0DE7259-631C-45D3-BCBA-EE389304EC0C}.Debug|Any CPU.Build.0 = Debug|Any CPU
		{D0DE7259-631C-45D3-BCBA-EE389304EC0C}.Release|Any CPU.ActiveCfg = Release|Any CPU
		{D0DE7259-631C-45D3-BCBA-EE389304EC0C}.Release|Any CPU.Build.0 = Release|Any CPU
	EndGlobalSection
	GlobalSection(SolutionProperties) = preSolution
		HideSolutionNode = FALSE
	EndGlobalSection
	GlobalSection(ExtensibilityGlobals) = postSolution
		SolutionGuid = {FF81FD0C-05F8-42E6-BDAA-CCBEAD892AE3}
	EndGlobalSection
EndGlobal
