
Microsoft Visual Studio Solution File, Format Version 12.00
# Visual Studio Version 17
VisualStudioVersion = 17.14.36811.4 d17.14
MinimumVisualStudioVersion = 10.0.40219.1
Project("{FAE04EC0-301F-11D3-BF4B-00C04F79EFBC}") = "MVC_Application", "MVC_Application.csproj", "{0FE008D4-3F4C-47AC-9A6C-2075C3CCB0DB}"
EndProject
Global
	GlobalSection(SolutionConfigurationPlatforms) = preSolution
		Debug|Any CPU = Debug|Any CPU
		Release|Any CPU = Release|Any CPU
	EndGlobalSection
	GlobalSection(ProjectConfigurationPlatforms) = postSolution
		{0FE008D4-3F4C-47AC-9A6C-2075C3CCB0DB}.Debug|Any CPU.ActiveCfg = Debug|Any CPU
		{0FE008D4-3F4C-47AC-9A6C-2075C3CCB0DB}.Debug|Any CPU.Build.0 = Debug|Any CPU
		{0FE008D4-3F4C-47AC-9A6C-2075C3CCB0DB}.Release|Any CPU.ActiveCfg = Release|Any CPU
		{0FE008D4-3F4C-47AC-9A6C-2075C3CCB0DB}.Release|Any CPU.Build.0 = Release|Any CPU
	EndGlobalSection
	GlobalSection(SolutionProperties) = preSolution
		HideSolutionNode = FALSE
	EndGlobalSection
	GlobalSection(ExtensibilityGlobals) = postSolution
		SolutionGuid = {2BF34A6D-5A46-4F90-A6D2-847D70DD3D3B}
	EndGlobalSection
EndGlobal
