
Microsoft Visual Studio Solution File, Format Version 12.00
# Visual Studio Version 17
VisualStudioVersion = 17.14.36811.4 d17.14
MinimumVisualStudioVersion = 10.0.40219.1
Project("{FAE04EC0-301F-11D3-BF4B-00C04F79EFBC}") = "AssignmentWebApp", "AssignmentWebApp.csproj", "{718B115C-AAAF-45F0-9064-88D6B8485864}"
EndProject
Global
	GlobalSection(SolutionConfigurationPlatforms) = preSolution
		Debug|Any CPU = Debug|Any CPU
		Release|Any CPU = Release|Any CPU
	EndGlobalSection
	GlobalSection(ProjectConfigurationPlatforms) = postSolution
		{718B115C-AAAF-45F0-9064-88D6B8485864}.Debug|Any CPU.ActiveCfg = Debug|Any CPU
		{718B115C-AAAF-45F0-9064-88D6B8485864}.Debug|Any CPU.Build.0 = Debug|Any CPU
		{718B115C-AAAF-45F0-9064-88D6B8485864}.Release|Any CPU.ActiveCfg = Release|Any CPU
		{718B115C-AAAF-45F0-9064-88D6B8485864}.Release|Any CPU.Build.0 = Release|Any CPU
	EndGlobalSection
	GlobalSection(SolutionProperties) = preSolution
		HideSolutionNode = FALSE
	EndGlobalSection
	GlobalSection(ExtensibilityGlobals) = postSolution
		SolutionGuid = {5AABA27E-D24A-4154-A014-0204BA75F781}
	EndGlobalSection
EndGlobal
